
Microsoft Visual Studio Solution File, Format Version 12.00
# Visual Studio Version 17
VisualStudioVersion = 17.13.35828.75 d17.13
MinimumVisualStudioVersion = 10.0.40219.1
Project("{FAE04EC0-301F-11D3-BF4B-00C04F79EFBC}") = "EFOne", "EFOne\EFOne.csproj", "{D2EBBB01-958D-437F-B869-A6C86DED9A0C}"
EndProject
Global
	GlobalSection(SolutionConfigurationPlatforms) = preSolution
		Debug|Any CPU = Debug|Any CPU
		Release|Any CPU = Release|Any CPU
	EndGlobalSection
	GlobalSection(ProjectConfigurationPlatforms) = postSolution
		{D2EBBB01-958D-437F-B869-A6C86DED9A0C}.Debug|Any CPU.ActiveCfg = Debug|Any CPU
		{D2EBBB01-958D-437F-B869-A6C86DED9A0C}.Debug|Any CPU.Build.0 = Debug|Any CPU
		{D2EBBB01-958D-437F-B869-A6C86DED9A0C}.Release|Any CPU.ActiveCfg = Release|Any CPU
		{D2EBBB01-958D-437F-B869-A6C86DED9A0C}.Release|Any CPU.Build.0 = Release|Any CPU
	EndGlobalSection
	GlobalSection(SolutionProperties) = preSolution
		HideSolutionNode = FALSE
	EndGlobalSection
	GlobalSection(ExtensibilityGlobals) = postSolution
		SolutionGuid = {20D60E42-4F7B-42A0-9AF1-ADB60F2317AF}
	EndGlobalSection
EndGlobal
